
Microsoft Visual Studio Solution File, Format Version 12.00
# Visual Studio Version 16
VisualStudioVersion = 16.0.30309.148
MinimumVisualStudioVersion = 10.0.40219.1
Project("{FAE04EC0-301F-11D3-BF4B-00C04F79EFBC}") = "UtilitiesTest", "test\UtilitiesTest\UtilitiesTest.csproj", "{AB12BF96-8DA2-44CF-ABED-3DE47BC144C2}"
EndProject
Project("{2150E333-8FDC-42A3-9474-1A3956D46DE8}") = "test", "test", "{C6713C64-0F21-4B9D-AFEE-41E489082F11}"
EndProject
Project("{2150E333-8FDC-42A3-9474-1A3956D46DE8}") = "src", "src", "{BE706F01-568D-4559-91D3-1E179BA7C086}"
EndProject
Project("{FAE04EC0-301F-11D3-BF4B-00C04F79EFBC}") = "Utilities", "src\Utilities\Utilities.csproj", "{8532D959-27E6-4166-A321-D65A589DE8B6}"
EndProject
Global
	GlobalSection(SolutionConfigurationPlatforms) = preSolution
		Debug|Any CPU = Debug|Any CPU
		Release|Any CPU = Release|Any CPU
	EndGlobalSection
	GlobalSection(ProjectConfigurationPlatforms) = postSolution
		{AB12BF96-8DA2-44CF-ABED-3DE47BC144C2}.Debug|Any CPU.ActiveCfg = Debug|Any CPU
		{AB12BF96-8DA2-44CF-ABED-3DE47BC144C2}.Debug|Any CPU.Build.0 = Debug|Any CPU
		{AB12BF96-8DA2-44CF-ABED-3DE47BC144C2}.Release|Any CPU.ActiveCfg = Release|Any CPU
		{AB12BF96-8DA2-44CF-ABED-3DE47BC144C2}.Release|Any CPU.Build.0 = Release|Any CPU
		{8532D959-27E6-4166-A321-D65A589DE8B6}.Debug|Any CPU.ActiveCfg = Debug|Any CPU
		{8532D959-27E6-4166-A321-D65A589DE8B6}.Debug|Any CPU.Build.0 = Debug|Any CPU
		{8532D959-27E6-4166-A321-D65A589DE8B6}.Release|Any CPU.ActiveCfg = Release|Any CPU
		{8532D959-27E6-4166-A321-D65A589DE8B6}.Release|Any CPU.Build.0 = Release|Any CPU
	EndGlobalSection
	GlobalSection(SolutionProperties) = preSolution
		HideSolutionNode = FALSE
	EndGlobalSection
	GlobalSection(NestedProjects) = preSolution
		{AB12BF96-8DA2-44CF-ABED-3DE47BC144C2} = {C6713C64-0F21-4B9D-AFEE-41E489082F11}
		{8532D959-27E6-4166-A321-D65A589DE8B6} = {BE706F01-568D-4559-91D3-1E179BA7C086}
	EndGlobalSection
	GlobalSection(ExtensibilityGlobals) = postSolution
		SolutionGuid = {494FF3EA-4A7C-4695-948C-F807DEFAF6FA}
	EndGlobalSection
EndGlobal
